
Microsoft Visual Studio Solution File, Format Version 12.00
# Visual Studio Version 16
VisualStudioVersion = 16.0.31229.75
MinimumVisualStudioVersion = 10.0.40219.1
Project("{2150E333-8FDC-42A3-9474-1A3956D46DE8}") = "src", "src", "{D660AA93-8562-4E61-B3F4-F36865123ED0}"
EndProject
Project("{9A19103F-16F7-4668-BE54-9A1E7A4F7556}") = "VPOS.Api", "src\VPOS.Api\VPOS.Api.csproj", "{AAD09498-B434-4E13-9AF0-7A5A4D60F5B9}"
EndProject
Project("{9A19103F-16F7-4668-BE54-9A1E7A4F7556}") = "VPOS.Domain", "src\VPOS.Domain\VPOS.Domain.csproj", "{6B12DCEE-2D89-416B-9047-72FD02FC886B}"
EndProject
Project("{9A19103F-16F7-4668-BE54-9A1E7A4F7556}") = "VPOS.Application", "src\VPOS.Application\VPOS.Application.csproj", "{28452C87-2BB0-4937-9A0A-43701C5C3EE2}"
EndProject
Project("{9A19103F-16F7-4668-BE54-9A1E7A4F7556}") = "VPOS.Infrastructure", "src\VPOS.Infrastructure\VPOS.Infrastructure.csproj", "{F10EDFFD-AE67-4BFE-86B4-0A177F8CB4A7}"
EndProject
Project("{FAE04EC0-301F-11D3-BF4B-00C04F79EFBC}") = "VPOS.Application.IntegrationTests", "tests\VPOS.Application.IntegrationTests\VPOS.Application.IntegrationTests.csproj", "{595F147D-0B66-4792-AB5A-5EFE0BE67E8B}"
EndProject
Project("{FAE04EC0-301F-11D3-BF4B-00C04F79EFBC}") = "VPOS.Domain.UnitTests", "tests\VPOS.Domain.UnitTests\VPOS.Domain.UnitTests.csproj", "{303FAA75-5C24-4D5F-A29E-B066D4A95EFD}"
EndProject
Global
	GlobalSection(SolutionConfigurationPlatforms) = preSolution
		Debug|Any CPU = Debug|Any CPU
		Debug|x64 = Debug|x64
		Debug|x86 = Debug|x86
		Release|Any CPU = Release|Any CPU
		Release|x64 = Release|x64
		Release|x86 = Release|x86
	EndGlobalSection
	GlobalSection(ProjectConfigurationPlatforms) = postSolution
		{AAD09498-B434-4E13-9AF0-7A5A4D60F5B9}.Debug|Any CPU.ActiveCfg = Debug|Any CPU
		{AAD09498-B434-4E13-9AF0-7A5A4D60F5B9}.Debug|Any CPU.Build.0 = Debug|Any CPU
		{AAD09498-B434-4E13-9AF0-7A5A4D60F5B9}.Debug|x64.ActiveCfg = Debug|Any CPU
		{AAD09498-B434-4E13-9AF0-7A5A4D60F5B9}.Debug|x64.Build.0 = Debug|Any CPU
		{AAD09498-B434-4E13-9AF0-7A5A4D60F5B9}.Debug|x86.ActiveCfg = Debug|Any CPU
		{AAD09498-B434-4E13-9AF0-7A5A4D60F5B9}.Debug|x86.Build.0 = Debug|Any CPU
		{AAD09498-B434-4E13-9AF0-7A5A4D60F5B9}.Release|Any CPU.ActiveCfg = Release|Any CPU
		{AAD09498-B434-4E13-9AF0-7A5A4D60F5B9}.Release|Any CPU.Build.0 = Release|Any CPU
		{AAD09498-B434-4E13-9AF0-7A5A4D60F5B9}.Release|x64.ActiveCfg = Release|Any CPU
		{AAD09498-B434-4E13-9AF0-7A5A4D60F5B9}.Release|x64.Build.0 = Release|Any CPU
		{AAD09498-B434-4E13-9AF0-7A5A4D60F5B9}.Release|x86.ActiveCfg = Release|Any CPU
		{AAD09498-B434-4E13-9AF0-7A5A4D60F5B9}.Release|x86.Build.0 = Release|Any CPU
		{6B12DCEE-2D89-416B-9047-72FD02FC886B}.Debug|Any CPU.ActiveCfg = Debug|Any CPU
		{6B12DCEE-2D89-416B-9047-72FD02FC886B}.Debug|Any CPU.Build.0 = Debug|Any CPU
		{6B12DCEE-2D89-416B-9047-72FD02FC886B}.Debug|x64.ActiveCfg = Debug|Any CPU
		{6B12DCEE-2D89-416B-9047-72FD02FC886B}.Debug|x64.Build.0 = Debug|Any CPU
		{6B12DCEE-2D89-416B-9047-72FD02FC886B}.Debug|x86.ActiveCfg = Debug|Any CPU
		{6B12DCEE-2D89-416B-9047-72FD02FC886B}.Debug|x86.Build.0 = Debug|Any CPU
		{6B12DCEE-2D89-416B-9047-72FD02FC886B}.Release|Any CPU.ActiveCfg = Release|Any CPU
		{6B12DCEE-2D89-416B-9047-72FD02FC886B}.Release|Any CPU.Build.0 = Release|Any CPU
		{6B12DCEE-2D89-416B-9047-72FD02FC886B}.Release|x64.ActiveCfg = Release|Any CPU
		{6B12DCEE-2D89-416B-9047-72FD02FC886B}.Release|x64.Build.0 = Release|Any CPU
		{6B12DCEE-2D89-416B-9047-72FD02FC886B}.Release|x86.ActiveCfg = Release|Any CPU
		{6B12DCEE-2D89-416B-9047-72FD02FC886B}.Release|x86.Build.0 = Release|Any CPU
		{28452C87-2BB0-4937-9A0A-43701C5C3EE2}.Debug|Any CPU.ActiveCfg = Debug|Any CPU
		{28452C87-2BB0-4937-9A0A-43701C5C3EE2}.Debug|Any CPU.Build.0 = Debug|Any CPU
		{28452C87-2BB0-4937-9A0A-43701C5C3EE2}.Debug|x64.ActiveCfg = Debug|Any CPU
		{28452C87-2BB0-4937-9A0A-43701C5C3EE2}.Debug|x64.Build.0 = Debug|Any CPU
		{28452C87-2BB0-4937-9A0A-43701C5C3EE2}.Debug|x86.ActiveCfg = Debug|Any CPU
		{28452C87-2BB0-4937-9A0A-43701C5C3EE2}.Debug|x86.Build.0 = Debug|Any CPU
		{28452C87-2BB0-4937-9A0A-43701C5C3EE2}.Release|Any CPU.ActiveCfg = Release|Any CPU
		{28452C87-2BB0-4937-9A0A-43701C5C3EE2}.Release|Any CPU.Build.0 = Release|Any CPU
		{28452C87-2BB0-4937-9A0A-43701C5C3EE2}.Release|x64.ActiveCfg = Release|Any CPU
		{28452C87-2BB0-4937-9A0A-43701C5C3EE2}.Release|x64.Build.0 = Release|Any CPU
		{28452C87-2BB0-4937-9A0A-43701C5C3EE2}.Release|x86.ActiveCfg = Release|Any CPU
		{28452C87-2BB0-4937-9A0A-43701C5C3EE2}.Release|x86.Build.0 = Release|Any CPU
		{F10EDFFD-AE67-4BFE-86B4-0A177F8CB4A7}.Debug|Any CPU.ActiveCfg = Debug|Any CPU
		{F10EDFFD-AE67-4BFE-86B4-0A177F8CB4A7}.Debug|Any CPU.Build.0 = Debug|Any CPU
		{F10EDFFD-AE67-4BFE-86B4-0A177F8CB4A7}.Debug|x64.ActiveCfg = Debug|Any CPU
		{F10EDFFD-AE67-4BFE-86B4-0A177F8CB4A7}.Debug|x64.Build.0 = Debug|Any CPU
		{F10EDFFD-AE67-4BFE-86B4-0A177F8CB4A7}.Debug|x86.ActiveCfg = Debug|Any CPU
		{F10EDFFD-AE67-4BFE-86B4-0A177F8CB4A7}.Debug|x86.Build.0 = Debug|Any CPU
		{F10EDFFD-AE67-4BFE-86B4-0A177F8CB4A7}.Release|Any CPU.ActiveCfg = Release|Any CPU
		{F10EDFFD-AE67-4BFE-86B4-0A177F8CB4A7}.Release|Any CPU.Build.0 = Release|Any CPU
		{F10EDFFD-AE67-4BFE-86B4-0A177F8CB4A7}.Release|x64.ActiveCfg = Release|Any CPU
		{F10EDFFD-AE67-4BFE-86B4-0A177F8CB4A7}.Release|x64.Build.0 = Release|Any CPU
		{F10EDFFD-AE67-4BFE-86B4-0A177F8CB4A7}.Release|x86.ActiveCfg = Release|Any CPU
		{F10EDFFD-AE67-4BFE-86B4-0A177F8CB4A7}.Release|x86.Build.0 = Release|Any CPU
		{595F147D-0B66-4792-AB5A-5EFE0BE67E8B}.Debug|Any CPU.ActiveCfg = Debug|Any CPU
		{595F147D-0B66-4792-AB5A-5EFE0BE67E8B}.Debug|Any CPU.Build.0 = Debug|Any CPU
		{595F147D-0B66-4792-AB5A-5EFE0BE67E8B}.Debug|x64.ActiveCfg = Debug|Any CPU
		{595F147D-0B66-4792-AB5A-5EFE0BE67E8B}.Debug|x64.Build.0 = Debug|Any CPU
		{595F147D-0B66-4792-AB5A-5EFE0BE67E8B}.Debug|x86.ActiveCfg = Debug|Any CPU
		{595F147D-0B66-4792-AB5A-5EFE0BE67E8B}.Debug|x86.Build.0 = Debug|Any CPU
		{595F147D-0B66-4792-AB5A-5EFE0BE67E8B}.Release|Any CPU.ActiveCfg = Release|Any CPU
		{595F147D-0B66-4792-AB5A-5EFE0BE67E8B}.Release|Any CPU.Build.0 = Release|Any CPU
		{595F147D-0B66-4792-AB5A-5EFE0BE67E8B}.Release|x64.ActiveCfg = Release|Any CPU
		{595F147D-0B66-4792-AB5A-5EFE0BE67E8B}.Release|x64.Build.0 = Release|Any CPU
		{595F147D-0B66-4792-AB5A-5EFE0BE67E8B}.Release|x86.ActiveCfg = Release|Any CPU
		{595F147D-0B66-4792-AB5A-5EFE0BE67E8B}.Release|x86.Build.0 = Release|Any CPU
		{303FAA75-5C24-4D5F-A29E-B066D4A95EFD}.Debug|Any CPU.ActiveCfg = Debug|Any CPU
		{303FAA75-5C24-4D5F-A29E-B066D4A95EFD}.Debug|Any CPU.Build.0 = Debug|Any CPU
		{303FAA75-5C24-4D5F-A29E-B066D4A95EFD}.Debug|x64.ActiveCfg = Debug|Any CPU
		{303FAA75-5C24-4D5F-A29E-B066D4A95EFD}.Debug|x64.Build.0 = Debug|Any CPU
		{303FAA75-5C24-4D5F-A29E-B066D4A95EFD}.Debug|x86.ActiveCfg = Debug|Any CPU
		{303FAA75-5C24-4D5F-A29E-B066D4A95EFD}.Debug|x86.Build.0 = Debug|Any CPU
		{303FAA75-5C24-4D5F-A29E-B066D4A95EFD}.Release|Any CPU.ActiveCfg = Release|Any CPU
		{303FAA75-5C24-4D5F-A29E-B066D4A95EFD}.Release|Any CPU.Build.0 = Release|Any CPU
		{303FAA75-5C24-4D5F-A29E-B066D4A95EFD}.Release|x64.ActiveCfg = Release|Any CPU
		{303FAA75-5C24-4D5F-A29E-B066D4A95EFD}.Release|x64.Build.0 = Release|Any CPU
		{303FAA75-5C24-4D5F-A29E-B066D4A95EFD}.Release|x86.ActiveCfg = Release|Any CPU
		{303FAA75-5C24-4D5F-A29E-B066D4A95EFD}.Release|x86.Build.0 = Release|Any CPU
	EndGlobalSection
	GlobalSection(SolutionProperties) = preSolution
		HideSolutionNode = FALSE
	EndGlobalSection
	GlobalSection(NestedProjects) = preSolution
		{AAD09498-B434-4E13-9AF0-7A5A4D60F5B9} = {D660AA93-8562-4E61-B3F4-F36865123ED0}
		{6B12DCEE-2D89-416B-9047-72FD02FC886B} = {D660AA93-8562-4E61-B3F4-F36865123ED0}
		{28452C87-2BB0-4937-9A0A-43701C5C3EE2} = {D660AA93-8562-4E61-B3F4-F36865123ED0}
		{F10EDFFD-AE67-4BFE-86B4-0A177F8CB4A7} = {D660AA93-8562-4E61-B3F4-F36865123ED0}
	EndGlobalSection
	GlobalSection(ExtensibilityGlobals) = postSolution
		SolutionGuid = {F2F53EF9-B724-40D3-9CC2-E5CD4D2B9383}
	EndGlobalSection
EndGlobal
